{
  "name": "Lesson26",
  "lockfileVersion": 3,
  "requires": true,
  "packages": {
    "": {
      "dependencies": {
        "parsel": "^0.3.0"
      }
    },
    "node_modules/parsel": {
      "version": "0.3.0",
      "resolved": "https://registry.npmjs.org/parsel/-/parsel-0.3.0.tgz",
      "integrity": "sha512-2HuxUWdHdOd7Vqr7HtXaogLz4ycgVmjtgjWdfrb8SlhJyKwAYavuboRS/PE/cfgMqpJOUmYHqNP19QjZEMWP4w==",
      "deprecated": "Package no longer supported. Use at your own risk."
    }
  }
}
